
Microsoft Visual Studio Solution File, Format Version 12.00
Project("{FAE04EC0-301F-11D3-BF4B-00C04F79EFBC}") = "Day1.1", "Day1.1\Day1.1.csproj", "{356C30FE-DCC8-4F78-8316-93EBD3F5813A}"
EndProject
Project("{FAE04EC0-301F-11D3-BF4B-00C04F79EFBC}") = "Day1.2", "Day1.2\Day1.2.csproj", "{E451911B-D437-4B8A-848F-0322BAB78C83}"
EndProject
Project("{FAE04EC0-301F-11D3-BF4B-00C04F79EFBC}") = "Day2.1", "Day2.1\Day2.1.csproj", "{C910DA1E-AB5C-4F12-9F31-A3BCC59EF3FC}"
EndProject
Project("{FAE04EC0-301F-11D3-BF4B-00C04F79EFBC}") = "Day2.2", "Day2.2\Day2.2.csproj", "{66198F5C-F35A-4D1B-A9F8-575210ED3258}"
EndProject
Project("{FAE04EC0-301F-11D3-BF4B-00C04F79EFBC}") = "Day3_1", "Day3_1\Day3_1.csproj", "{CF81680D-A8A8-4104-AB32-F5B3B22A5572}"
EndProject
Project("{FAE04EC0-301F-11D3-BF4B-00C04F79EFBC}") = "Day3_2", "Day3_2\Day3_2.csproj", "{10C9F29D-4F23-451D-9DBF-B7E7D7792379}"
EndProject
Project("{FAE04EC0-301F-11D3-BF4B-00C04F79EFBC}") = "Day4_1", "Day4_1\Day4_1.csproj", "{FC0915F9-513A-4B03-8D0E-B4D56EE57C6F}"
EndProject
Project("{FAE04EC0-301F-11D3-BF4B-00C04F79EFBC}") = "Day4_2", "Day4_2\Day4_2.csproj", "{68BB506E-B8D7-462F-AF27-FA94C97BDDA8}"
EndProject
Global
	GlobalSection(SolutionConfigurationPlatforms) = preSolution
		Debug|Any CPU = Debug|Any CPU
		Release|Any CPU = Release|Any CPU
	EndGlobalSection
	GlobalSection(ProjectConfigurationPlatforms) = postSolution
		{356C30FE-DCC8-4F78-8316-93EBD3F5813A}.Debug|Any CPU.ActiveCfg = Debug|Any CPU
		{356C30FE-DCC8-4F78-8316-93EBD3F5813A}.Debug|Any CPU.Build.0 = Debug|Any CPU
		{356C30FE-DCC8-4F78-8316-93EBD3F5813A}.Release|Any CPU.ActiveCfg = Release|Any CPU
		{356C30FE-DCC8-4F78-8316-93EBD3F5813A}.Release|Any CPU.Build.0 = Release|Any CPU
		{E451911B-D437-4B8A-848F-0322BAB78C83}.Debug|Any CPU.ActiveCfg = Debug|Any CPU
		{E451911B-D437-4B8A-848F-0322BAB78C83}.Debug|Any CPU.Build.0 = Debug|Any CPU
		{E451911B-D437-4B8A-848F-0322BAB78C83}.Release|Any CPU.ActiveCfg = Release|Any CPU
		{E451911B-D437-4B8A-848F-0322BAB78C83}.Release|Any CPU.Build.0 = Release|Any CPU
		{C910DA1E-AB5C-4F12-9F31-A3BCC59EF3FC}.Debug|Any CPU.ActiveCfg = Debug|Any CPU
		{C910DA1E-AB5C-4F12-9F31-A3BCC59EF3FC}.Debug|Any CPU.Build.0 = Debug|Any CPU
		{C910DA1E-AB5C-4F12-9F31-A3BCC59EF3FC}.Release|Any CPU.ActiveCfg = Release|Any CPU
		{C910DA1E-AB5C-4F12-9F31-A3BCC59EF3FC}.Release|Any CPU.Build.0 = Release|Any CPU
		{66198F5C-F35A-4D1B-A9F8-575210ED3258}.Debug|Any CPU.ActiveCfg = Debug|Any CPU
		{66198F5C-F35A-4D1B-A9F8-575210ED3258}.Debug|Any CPU.Build.0 = Debug|Any CPU
		{66198F5C-F35A-4D1B-A9F8-575210ED3258}.Release|Any CPU.ActiveCfg = Release|Any CPU
		{66198F5C-F35A-4D1B-A9F8-575210ED3258}.Release|Any CPU.Build.0 = Release|Any CPU
		{CF81680D-A8A8-4104-AB32-F5B3B22A5572}.Debug|Any CPU.ActiveCfg = Debug|Any CPU
		{CF81680D-A8A8-4104-AB32-F5B3B22A5572}.Debug|Any CPU.Build.0 = Debug|Any CPU
		{CF81680D-A8A8-4104-AB32-F5B3B22A5572}.Release|Any CPU.ActiveCfg = Release|Any CPU
		{CF81680D-A8A8-4104-AB32-F5B3B22A5572}.Release|Any CPU.Build.0 = Release|Any CPU
		{10C9F29D-4F23-451D-9DBF-B7E7D7792379}.Debug|Any CPU.ActiveCfg = Debug|Any CPU
		{10C9F29D-4F23-451D-9DBF-B7E7D7792379}.Debug|Any CPU.Build.0 = Debug|Any CPU
		{10C9F29D-4F23-451D-9DBF-B7E7D7792379}.Release|Any CPU.ActiveCfg = Release|Any CPU
		{10C9F29D-4F23-451D-9DBF-B7E7D7792379}.Release|Any CPU.Build.0 = Release|Any CPU
		{FC0915F9-513A-4B03-8D0E-B4D56EE57C6F}.Debug|Any CPU.ActiveCfg = Debug|Any CPU
		{FC0915F9-513A-4B03-8D0E-B4D56EE57C6F}.Debug|Any CPU.Build.0 = Debug|Any CPU
		{FC0915F9-513A-4B03-8D0E-B4D56EE57C6F}.Release|Any CPU.ActiveCfg = Release|Any CPU
		{FC0915F9-513A-4B03-8D0E-B4D56EE57C6F}.Release|Any CPU.Build.0 = Release|Any CPU
		{68BB506E-B8D7-462F-AF27-FA94C97BDDA8}.Debug|Any CPU.ActiveCfg = Debug|Any CPU
		{68BB506E-B8D7-462F-AF27-FA94C97BDDA8}.Debug|Any CPU.Build.0 = Debug|Any CPU
		{68BB506E-B8D7-462F-AF27-FA94C97BDDA8}.Release|Any CPU.ActiveCfg = Release|Any CPU
		{68BB506E-B8D7-462F-AF27-FA94C97BDDA8}.Release|Any CPU.Build.0 = Release|Any CPU
	EndGlobalSection
EndGlobal
